github.com/gertd/go-pluralize v0.2.0 h1:VzWNnxkUo3wkW2Nmp+3ieHSTQQ0LBHeSVxlKsQPQ+UY=
github.com/gertd/go-pluralize v0.2.0/go.mod h1:4ouO1Ndf/r7sZMorwp4Sbfw80lUni+sd+o3qJR8L9To=
golang.org/x/text v0.9.0 h1:2sjJmO8cDvYveuX97RDLsxlyUxLl+GHoLxBiRdHllBE=
golang.org/x/text v0.9.0/go.mod h1:e1OnstbJyHTd6l/uOt8jFFHp6TRDWZR/bV3emEE/zU8=
